
Microsoft Visual Studio Solution File, Format Version 12.00
# Visual Studio Version 17
VisualStudioVersion = 17.10.35027.167
MinimumVisualStudioVersion = 10.0.40219.1
Project("{FAE04EC0-301F-11D3-BF4B-00C04F79EFBC}") = "UserControlInterFaces", "UserControlInterFaces\UserControlInterFaces.csproj", "{9372884A-B71E-4311-9B91-037E13C55398}"
EndProject
Project("{2150E333-8FDC-42A3-9474-1A3956D46DE8}") = "UserControlInterFacesFolder", "UserControlInterFacesFolder", "{581BDBCC-D120-4573-B044-080D5916C48E}"
EndProject
Project("{2150E333-8FDC-42A3-9474-1A3956D46DE8}") = "Solution Items", "Solution Items", "{AF08A1D5-8E4F-47AB-AA00-B7AEC0572E28}"
EndProject
Project("{9A19103F-16F7-4668-BE54-9A1E7A4F7556}") = "ClassMusteri", "ClassMusteri\ClassMusteri.csproj", "{B8E17206-9734-4A7C-99C8-221381063071}"
EndProject
Project("{2150E333-8FDC-42A3-9474-1A3956D46DE8}") = "CLASSMUSTERI", "CLASSMUSTERI", "{B7575337-B6A2-45B1-BD6F-7B38332D3059}"
EndProject
Project("{2150E333-8FDC-42A3-9474-1A3956D46DE8}") = "RESX DENEME", "RESX DENEME", "{8D8B0556-5E13-49D3-95BD-0FEF9914E5A2}"
EndProject
Project("{FAE04EC0-301F-11D3-BF4B-00C04F79EFBC}") = "ResxDeneme", "ResxDeneme\ResxDeneme.csproj", "{004607F7-EF7D-47E1-95BC-3C81B0334895}"
EndProject
Project("{2150E333-8FDC-42A3-9474-1A3956D46DE8}") = "SerilogDenemesi", "SerilogDenemesi", "{CD0D219A-ACC1-48F7-BAF7-98AA707CAFDD}"
EndProject
Project("{FAE04EC0-301F-11D3-BF4B-00C04F79EFBC}") = "WpfSerilogExample", "WpfSerilogExample\WpfSerilogExample.csproj", "{80300860-6E4B-49A6-9918-32FD971E3AF3}"
EndProject
Project("{2150E333-8FDC-42A3-9474-1A3956D46DE8}") = "CsvDeneme", "CsvDeneme", "{08AB866A-0F2B-42EC-8BBF-309F9069B71B}"
EndProject
Project("{FAE04EC0-301F-11D3-BF4B-00C04F79EFBC}") = "CsvDeneme", "CsvDeneme\CsvDeneme.csproj", "{010591DC-2EE7-467C-A5E2-8273FDEA85DA}"
EndProject
Project("{2150E333-8FDC-42A3-9474-1A3956D46DE8}") = "AdapterPatterns", "AdapterPatterns", "{03EDA050-1CBD-4EE7-9ACC-22CA5487487E}"
EndProject
Project("{9A19103F-16F7-4668-BE54-9A1E7A4F7556}") = "AdapterDenemesi", "AdapterDenemesi\AdapterDenemesi.csproj", "{3596FFD0-E0F4-4D9C-AAB4-540D75CF6C68}"
EndProject
Project("{2150E333-8FDC-42A3-9474-1A3956D46DE8}") = "FileWathcer denemsi", "FileWathcer denemsi", "{EB943A88-1412-4A96-991D-C92B187B115B}"
EndProject
Project("{FAE04EC0-301F-11D3-BF4B-00C04F79EFBC}") = "Program", "Program\Program.csproj", "{74F1B522-704B-43D3-B343-86FCCC34B83B}"
EndProject
Project("{2150E333-8FDC-42A3-9474-1A3956D46DE8}") = "DI Deneme", "DI Deneme", "{9EDFC3F6-317A-4FFD-88F7-F919C7C2A191}"
EndProject
Project("{FAE04EC0-301F-11D3-BF4B-00C04F79EFBC}") = "DiProgram", "DiProgram\DiProgram.csproj", "{D693A5C7-A227-426F-8F06-DD175D40EDF1}"
EndProject
Global
	GlobalSection(SolutionConfigurationPlatforms) = preSolution
		Debug|Any CPU = Debug|Any CPU
		Release|Any CPU = Release|Any CPU
	EndGlobalSection
	GlobalSection(ProjectConfigurationPlatforms) = postSolution
		{9372884A-B71E-4311-9B91-037E13C55398}.Debug|Any CPU.ActiveCfg = Debug|Any CPU
		{9372884A-B71E-4311-9B91-037E13C55398}.Debug|Any CPU.Build.0 = Debug|Any CPU
		{9372884A-B71E-4311-9B91-037E13C55398}.Release|Any CPU.ActiveCfg = Release|Any CPU
		{9372884A-B71E-4311-9B91-037E13C55398}.Release|Any CPU.Build.0 = Release|Any CPU
		{B8E17206-9734-4A7C-99C8-221381063071}.Debug|Any CPU.ActiveCfg = Debug|Any CPU
		{B8E17206-9734-4A7C-99C8-221381063071}.Debug|Any CPU.Build.0 = Debug|Any CPU
		{B8E17206-9734-4A7C-99C8-221381063071}.Release|Any CPU.ActiveCfg = Release|Any CPU
		{B8E17206-9734-4A7C-99C8-221381063071}.Release|Any CPU.Build.0 = Release|Any CPU
		{004607F7-EF7D-47E1-95BC-3C81B0334895}.Debug|Any CPU.ActiveCfg = Debug|Any CPU
		{004607F7-EF7D-47E1-95BC-3C81B0334895}.Debug|Any CPU.Build.0 = Debug|Any CPU
		{004607F7-EF7D-47E1-95BC-3C81B0334895}.Release|Any CPU.ActiveCfg = Release|Any CPU
		{004607F7-EF7D-47E1-95BC-3C81B0334895}.Release|Any CPU.Build.0 = Release|Any CPU
		{80300860-6E4B-49A6-9918-32FD971E3AF3}.Debug|Any CPU.ActiveCfg = Debug|Any CPU
		{80300860-6E4B-49A6-9918-32FD971E3AF3}.Debug|Any CPU.Build.0 = Debug|Any CPU
		{80300860-6E4B-49A6-9918-32FD971E3AF3}.Release|Any CPU.ActiveCfg = Release|Any CPU
		{80300860-6E4B-49A6-9918-32FD971E3AF3}.Release|Any CPU.Build.0 = Release|Any CPU
		{010591DC-2EE7-467C-A5E2-8273FDEA85DA}.Debug|Any CPU.ActiveCfg = Debug|Any CPU
		{010591DC-2EE7-467C-A5E2-8273FDEA85DA}.Debug|Any CPU.Build.0 = Debug|Any CPU
		{010591DC-2EE7-467C-A5E2-8273FDEA85DA}.Release|Any CPU.ActiveCfg = Release|Any CPU
		{010591DC-2EE7-467C-A5E2-8273FDEA85DA}.Release|Any CPU.Build.0 = Release|Any CPU
		{3596FFD0-E0F4-4D9C-AAB4-540D75CF6C68}.Debug|Any CPU.ActiveCfg = Debug|Any CPU
		{3596FFD0-E0F4-4D9C-AAB4-540D75CF6C68}.Debug|Any CPU.Build.0 = Debug|Any CPU
		{3596FFD0-E0F4-4D9C-AAB4-540D75CF6C68}.Release|Any CPU.ActiveCfg = Release|Any CPU
		{3596FFD0-E0F4-4D9C-AAB4-540D75CF6C68}.Release|Any CPU.Build.0 = Release|Any CPU
		{74F1B522-704B-43D3-B343-86FCCC34B83B}.Debug|Any CPU.ActiveCfg = Debug|Any CPU
		{74F1B522-704B-43D3-B343-86FCCC34B83B}.Debug|Any CPU.Build.0 = Debug|Any CPU
		{74F1B522-704B-43D3-B343-86FCCC34B83B}.Release|Any CPU.ActiveCfg = Release|Any CPU
		{74F1B522-704B-43D3-B343-86FCCC34B83B}.Release|Any CPU.Build.0 = Release|Any CPU
		{D693A5C7-A227-426F-8F06-DD175D40EDF1}.Debug|Any CPU.ActiveCfg = Debug|Any CPU
		{D693A5C7-A227-426F-8F06-DD175D40EDF1}.Debug|Any CPU.Build.0 = Debug|Any CPU
		{D693A5C7-A227-426F-8F06-DD175D40EDF1}.Release|Any CPU.ActiveCfg = Release|Any CPU
		{D693A5C7-A227-426F-8F06-DD175D40EDF1}.Release|Any CPU.Build.0 = Release|Any CPU
	EndGlobalSection
	GlobalSection(SolutionProperties) = preSolution
		HideSolutionNode = FALSE
	EndGlobalSection
	GlobalSection(NestedProjects) = preSolution
		{9372884A-B71E-4311-9B91-037E13C55398} = {581BDBCC-D120-4573-B044-080D5916C48E}
		{B8E17206-9734-4A7C-99C8-221381063071} = {B7575337-B6A2-45B1-BD6F-7B38332D3059}
		{004607F7-EF7D-47E1-95BC-3C81B0334895} = {8D8B0556-5E13-49D3-95BD-0FEF9914E5A2}
		{80300860-6E4B-49A6-9918-32FD971E3AF3} = {CD0D219A-ACC1-48F7-BAF7-98AA707CAFDD}
		{010591DC-2EE7-467C-A5E2-8273FDEA85DA} = {08AB866A-0F2B-42EC-8BBF-309F9069B71B}
		{3596FFD0-E0F4-4D9C-AAB4-540D75CF6C68} = {03EDA050-1CBD-4EE7-9ACC-22CA5487487E}
		{74F1B522-704B-43D3-B343-86FCCC34B83B} = {EB943A88-1412-4A96-991D-C92B187B115B}
		{D693A5C7-A227-426F-8F06-DD175D40EDF1} = {9EDFC3F6-317A-4FFD-88F7-F919C7C2A191}
	EndGlobalSection
	GlobalSection(ExtensibilityGlobals) = postSolution
		SolutionGuid = {2FD3B0FC-1125-4043-94C9-7AAFC017B6E7}
	EndGlobalSection
EndGlobal
