
Microsoft Visual Studio Solution File, Format Version 12.00
# Visual Studio Version 17
VisualStudioVersion = 17.10.35027.167
MinimumVisualStudioVersion = 10.0.40219.1
Project("{FAE04EC0-301F-11D3-BF4B-00C04F79EFBC}") = "UserControlInterFaces", "UserControlInterFaces\UserControlInterFaces.csproj", "{9372884A-B71E-4311-9B91-037E13C55398}"
EndProject
Project("{2150E333-8FDC-42A3-9474-1A3956D46DE8}") = "UserControlInterFacesFolder", "UserControlInterFacesFolder", "{581BDBCC-D120-4573-B044-080D5916C48E}"
EndProject
Project("{2150E333-8FDC-42A3-9474-1A3956D46DE8}") = "Solution Items", "Solution Items", "{AF08A1D5-8E4F-47AB-AA00-B7AEC0572E28}"
EndProject
Project("{9A19103F-16F7-4668-BE54-9A1E7A4F7556}") = "ClassMusteri", "ClassMusteri\ClassMusteri.csproj", "{B8E17206-9734-4A7C-99C8-221381063071}"
EndProject
Project("{2150E333-8FDC-42A3-9474-1A3956D46DE8}") = "CLASSMUSTERI", "CLASSMUSTERI", "{B7575337-B6A2-45B1-BD6F-7B38332D3059}"
EndProject
Project("{2150E333-8FDC-42A3-9474-1A3956D46DE8}") = "RESX DENEME", "RESX DENEME", "{8D8B0556-5E13-49D3-95BD-0FEF9914E5A2}"
EndProject
Project("{FAE04EC0-301F-11D3-BF4B-00C04F79EFBC}") = "ResxDeneme", "ResxDeneme\ResxDeneme.csproj", "{004607F7-EF7D-47E1-95BC-3C81B0334895}"
EndProject
Global
	GlobalSection(SolutionConfigurationPlatforms) = preSolution
		Debug|Any CPU = Debug|Any CPU
		Release|Any CPU = Release|Any CPU
	EndGlobalSection
	GlobalSection(ProjectConfigurationPlatforms) = postSolution
		{9372884A-B71E-4311-9B91-037E13C55398}.Debug|Any CPU.ActiveCfg = Debug|Any CPU
		{9372884A-B71E-4311-9B91-037E13C55398}.Debug|Any CPU.Build.0 = Debug|Any CPU
		{9372884A-B71E-4311-9B91-037E13C55398}.Release|Any CPU.ActiveCfg = Release|Any CPU
		{9372884A-B71E-4311-9B91-037E13C55398}.Release|Any CPU.Build.0 = Release|Any CPU
		{B8E17206-9734-4A7C-99C8-221381063071}.Debug|Any CPU.ActiveCfg = Debug|Any CPU
		{B8E17206-9734-4A7C-99C8-221381063071}.Debug|Any CPU.Build.0 = Debug|Any CPU
		{B8E17206-9734-4A7C-99C8-221381063071}.Release|Any CPU.ActiveCfg = Release|Any CPU
		{B8E17206-9734-4A7C-99C8-221381063071}.Release|Any CPU.Build.0 = Release|Any CPU
		{004607F7-EF7D-47E1-95BC-3C81B0334895}.Debug|Any CPU.ActiveCfg = Debug|Any CPU
		{004607F7-EF7D-47E1-95BC-3C81B0334895}.Debug|Any CPU.Build.0 = Debug|Any CPU
		{004607F7-EF7D-47E1-95BC-3C81B0334895}.Release|Any CPU.ActiveCfg = Release|Any CPU
		{004607F7-EF7D-47E1-95BC-3C81B0334895}.Release|Any CPU.Build.0 = Release|Any CPU
	EndGlobalSection
	GlobalSection(SolutionProperties) = preSolution
		HideSolutionNode = FALSE
	EndGlobalSection
	GlobalSection(NestedProjects) = preSolution
		{9372884A-B71E-4311-9B91-037E13C55398} = {581BDBCC-D120-4573-B044-080D5916C48E}
		{B8E17206-9734-4A7C-99C8-221381063071} = {B7575337-B6A2-45B1-BD6F-7B38332D3059}
		{004607F7-EF7D-47E1-95BC-3C81B0334895} = {8D8B0556-5E13-49D3-95BD-0FEF9914E5A2}
	EndGlobalSection
	GlobalSection(ExtensibilityGlobals) = postSolution
		SolutionGuid = {2FD3B0FC-1125-4043-94C9-7AAFC017B6E7}
	EndGlobalSection
EndGlobal
