
Microsoft Visual Studio Solution File, Format Version 12.00
# Visual Studio Version 17
VisualStudioVersion = 17.10.35027.167
MinimumVisualStudioVersion = 10.0.40219.1
Project("{FAE04EC0-301F-11D3-BF4B-00C04F79EFBC}") = "UserControlInterFaces", "UserControlInterFaces\UserControlInterFaces.csproj", "{9372884A-B71E-4311-9B91-037E13C55398}"
EndProject
Project("{2150E333-8FDC-42A3-9474-1A3956D46DE8}") = "UserControlInterFacesFolder", "UserControlInterFacesFolder", "{581BDBCC-D120-4573-B044-080D5916C48E}"
EndProject
Global
	GlobalSection(SolutionConfigurationPlatforms) = preSolution
		Debug|Any CPU = Debug|Any CPU
		Release|Any CPU = Release|Any CPU
	EndGlobalSection
	GlobalSection(ProjectConfigurationPlatforms) = postSolution
		{9372884A-B71E-4311-9B91-037E13C55398}.Debug|Any CPU.ActiveCfg = Debug|Any CPU
		{9372884A-B71E-4311-9B91-037E13C55398}.Debug|Any CPU.Build.0 = Debug|Any CPU
		{9372884A-B71E-4311-9B91-037E13C55398}.Release|Any CPU.ActiveCfg = Release|Any CPU
		{9372884A-B71E-4311-9B91-037E13C55398}.Release|Any CPU.Build.0 = Release|Any CPU
	EndGlobalSection
	GlobalSection(SolutionProperties) = preSolution
		HideSolutionNode = FALSE
	EndGlobalSection
	GlobalSection(NestedProjects) = preSolution
		{9372884A-B71E-4311-9B91-037E13C55398} = {581BDBCC-D120-4573-B044-080D5916C48E}
	EndGlobalSection
	GlobalSection(ExtensibilityGlobals) = postSolution
		SolutionGuid = {2FD3B0FC-1125-4043-94C9-7AAFC017B6E7}
	EndGlobalSection
EndGlobal
